
Microsoft Visual Studio Solution File, Format Version 12.00
# Visual Studio Version 17
VisualStudioVersion = 17.4.33205.214
MinimumVisualStudioVersion = 10.0.40219.1
Project("{9A19103F-16F7-4668-BE54-9A1E7A4F7556}") = "TangyWeb_Server", "TangyWeb_Server\TangyWeb_Server.csproj", "{1C8B2FC8-79B9-4ECF-B062-CA1DDA48FDA6}"
EndProject
Project("{9A19103F-16F7-4668-BE54-9A1E7A4F7556}") = "TangyWeb_Client", "TangyWeb_Client\TangyWeb_Client.csproj", "{1A2C28D5-5750-4772-AD53-5EC4AED17E04}"
EndProject
Project("{9A19103F-16F7-4668-BE54-9A1E7A4F7556}") = "Tangy_Models", "Tangy_Models\Tangy_Models.csproj", "{3ECBEF99-719A-4BEC-9B3B-EBCE6C524AFC}"
EndProject
Global
	GlobalSection(SolutionConfigurationPlatforms) = preSolution
		Debug|Any CPU = Debug|Any CPU
		Release|Any CPU = Release|Any CPU
	EndGlobalSection
	GlobalSection(ProjectConfigurationPlatforms) = postSolution
		{1C8B2FC8-79B9-4ECF-B062-CA1DDA48FDA6}.Debug|Any CPU.ActiveCfg = Debug|Any CPU
		{1C8B2FC8-79B9-4ECF-B062-CA1DDA48FDA6}.Debug|Any CPU.Build.0 = Debug|Any CPU
		{1C8B2FC8-79B9-4ECF-B062-CA1DDA48FDA6}.Release|Any CPU.ActiveCfg = Release|Any CPU
		{1C8B2FC8-79B9-4ECF-B062-CA1DDA48FDA6}.Release|Any CPU.Build.0 = Release|Any CPU
		{1A2C28D5-5750-4772-AD53-5EC4AED17E04}.Debug|Any CPU.ActiveCfg = Debug|Any CPU
		{1A2C28D5-5750-4772-AD53-5EC4AED17E04}.Debug|Any CPU.Build.0 = Debug|Any CPU
		{1A2C28D5-5750-4772-AD53-5EC4AED17E04}.Release|Any CPU.ActiveCfg = Release|Any CPU
		{1A2C28D5-5750-4772-AD53-5EC4AED17E04}.Release|Any CPU.Build.0 = Release|Any CPU
		{3ECBEF99-719A-4BEC-9B3B-EBCE6C524AFC}.Debug|Any CPU.ActiveCfg = Debug|Any CPU
		{3ECBEF99-719A-4BEC-9B3B-EBCE6C524AFC}.Debug|Any CPU.Build.0 = Debug|Any CPU
		{3ECBEF99-719A-4BEC-9B3B-EBCE6C524AFC}.Release|Any CPU.ActiveCfg = Release|Any CPU
		{3ECBEF99-719A-4BEC-9B3B-EBCE6C524AFC}.Release|Any CPU.Build.0 = Release|Any CPU
	EndGlobalSection
	GlobalSection(SolutionProperties) = preSolution
		HideSolutionNode = FALSE
	EndGlobalSection
	GlobalSection(ExtensibilityGlobals) = postSolution
		SolutionGuid = {47B6CC7F-0F0B-4A19-9A73-225EAD31055E}
	EndGlobalSection
EndGlobal
